
Microsoft Visual Studio Solution File, Format Version 12.00
# Visual Studio 2013
VisualStudioVersion = 12.0.40629.0
MinimumVisualStudioVersion = 10.0.40219.1
Project("{FAE04EC0-301F-11D3-BF4B-00C04F79EFBC}") = "theatre", "theatre\theatre.csproj", "{8E1F93BC-F88A-4FD5-ABC3-B6512C463C42}"
EndProject
Project("{FAE04EC0-301F-11D3-BF4B-00C04F79EFBC}") = "BL", "BL\BL.csproj", "{258975B7-F46A-49C6-8526-DFAEBE6AA6FE}"
EndProject
Project("{FAE04EC0-301F-11D3-BF4B-00C04F79EFBC}") = "BEL", "BEL\BEL.csproj", "{92E5DF86-EAA6-4353-A57E-90F98AB2158F}"
EndProject
Project("{FAE04EC0-301F-11D3-BF4B-00C04F79EFBC}") = "DL", "DL\DL.csproj", "{ADF4A741-8430-45BE-961F-9930E1CB6048}"
EndProject
Global
	GlobalSection(SolutionConfigurationPlatforms) = preSolution
		Debug|Any CPU = Debug|Any CPU
		Release|Any CPU = Release|Any CPU
	EndGlobalSection
	GlobalSection(ProjectConfigurationPlatforms) = postSolution
		{8E1F93BC-F88A-4FD5-ABC3-B6512C463C42}.Debug|Any CPU.ActiveCfg = Debug|Any CPU
		{8E1F93BC-F88A-4FD5-ABC3-B6512C463C42}.Debug|Any CPU.Build.0 = Debug|Any CPU
		{8E1F93BC-F88A-4FD5-ABC3-B6512C463C42}.Release|Any CPU.ActiveCfg = Release|Any CPU
		{8E1F93BC-F88A-4FD5-ABC3-B6512C463C42}.Release|Any CPU.Build.0 = Release|Any CPU
		{258975B7-F46A-49C6-8526-DFAEBE6AA6FE}.Debug|Any CPU.ActiveCfg = Debug|Any CPU
		{258975B7-F46A-49C6-8526-DFAEBE6AA6FE}.Debug|Any CPU.Build.0 = Debug|Any CPU
		{258975B7-F46A-49C6-8526-DFAEBE6AA6FE}.Release|Any CPU.ActiveCfg = Release|Any CPU
		{258975B7-F46A-49C6-8526-DFAEBE6AA6FE}.Release|Any CPU.Build.0 = Release|Any CPU
		{92E5DF86-EAA6-4353-A57E-90F98AB2158F}.Debug|Any CPU.ActiveCfg = Debug|Any CPU
		{92E5DF86-EAA6-4353-A57E-90F98AB2158F}.Debug|Any CPU.Build.0 = Debug|Any CPU
		{92E5DF86-EAA6-4353-A57E-90F98AB2158F}.Release|Any CPU.ActiveCfg = Release|Any CPU
		{92E5DF86-EAA6-4353-A57E-90F98AB2158F}.Release|Any CPU.Build.0 = Release|Any CPU
		{ADF4A741-8430-45BE-961F-9930E1CB6048}.Debug|Any CPU.ActiveCfg = Debug|Any CPU
		{ADF4A741-8430-45BE-961F-9930E1CB6048}.Debug|Any CPU.Build.0 = Debug|Any CPU
		{ADF4A741-8430-45BE-961F-9930E1CB6048}.Release|Any CPU.ActiveCfg = Release|Any CPU
		{ADF4A741-8430-45BE-961F-9930E1CB6048}.Release|Any CPU.Build.0 = Release|Any CPU
	EndGlobalSection
	GlobalSection(SolutionProperties) = preSolution
		HideSolutionNode = FALSE
	EndGlobalSection
EndGlobal
